# This file is automatically @generated by Poetry 1.6.1 and should not be changed by hand.

[[package]]
name = "blake3"
version = "0.4.1"
description = "Python bindings for the Rust blake3 crate"
optional = false
python-versions = "*"
files = [
    {file = "blake3-0.4.1-cp310-cp310-macosx_10_12_x86_64.whl", hash = "sha256:1a086cc9401fb0b09f9b4ba14444457d9b04a6d8086cd96b45ebf252afc49109"},
    {file = "blake3-0.4.1-cp310-cp310-macosx_11_0_arm64.whl", hash = "sha256:283860fe58b3a6d74e5be1ece78bbcd7de819b48476d7a534b989dd6ab49a083"},
    {file = "blake3-0.4.1-cp310-cp310-manylinux_2_17_x86_64.manylinux2014_x86_64.whl", hash = "sha256:ef534c59ae76faba1c7e1531930dadecaa7817e25aa6e6c825150c04ed243a3d"},
    {file = "blake3-0.4.1-cp310-none-win32.whl", hash = "sha256:e0fc4914750b63bbb15f71b2092a75b24a63fd86f6fbd621a8c133795f3d6371"},
    {file = "blake3-0.4.1-cp310-none-win_amd64.whl", hash = "sha256:d51b3da140d04cd8b680bf2b3a5dc1f0cbb4f1e62b08e3d6f3b17d75b6285c41"},
    {file = "blake3-0.4.1-cp311-cp311-macosx_10_12_x86_64.whl", hash = "sha256:3cc656cab955ab6c18b587a8b4faa33930fea089981f76a7c64f33e4a26c1dac"},
    {file = "blake3-0.4.1-cp311-cp311-macosx_11_0_arm64.whl", hash = "sha256:9633e0198174eb77196f9f8b18d75449d86e8fa234727c98d685d5404f84eb8e"},
    {file = "blake3-0.4.1-cp311-cp311-manylinux_2_17_x86_64.manylinux2014_x86_64.whl", hash = "sha256:d653623361da8db3406f4a90b39d38016f9f678e22099df0d5f8ab77efb7b4ae"},
    {file = "blake3-0.4.1-cp311-none-win32.whl", hash = "sha256:931d1d0d4650a400838a7f1bf0d260209d10e9bd1981a6ed033f32361b96ab7b"},
    {file = "blake3-0.4.1-cp311-none-win_amd64.whl", hash = "sha256:c6c50122d9484a97a56888f09fcbbd23fdba94c4bf1e6fdeb036b17accae9f0c"},
    {file = "blake3-0.4.1-cp312-cp312-macosx_10_12_x86_64.whl", hash = "sha256:fb98f18bc5e218ff1134acb3b9f0e3588ad5e6f38b7279cce4559c8ae9d780e6"},
    {file = "blake3-0.4.1-cp312-cp312-macosx_11_0_arm64.whl", hash = "sha256:fe31163eb08fc3f82a2325e90cea88f2d7ad0265314a03de716f906b2a43be96"},
    {file = "blake3-0.4.1-cp312-cp312-manylinux_2_17_x86_64.manylinux2014_x86_64.whl", hash = "sha256:a51f48ec21706a22b4954fc17da72bd177d82d22ee434da0c5dc3aafeef5b8d3"},
    {file = "blake3-0.4.1-cp312-none-win32.whl", hash = "sha256:510fd32d207ef2e28df3597847d5044117d110b0e549b2e467afa30a9f3ab7ee"},
    {file = "blake3-0.4.1-cp312-none-win_amd64.whl", hash = "sha256:2a08eeb324da701b212f348e91ba5d2708c0a596bd6691207f2504f4f771644c"},
    {file = "blake3-0.4.1-cp37-cp37m-macosx_10_12_x86_64.whl", hash = "sha256:a73c5940454bd693d7172af8fad23019c2f5a9b910ed961c20bdf5a91babd9f2"},
    {file = "blake3-0.4.1-cp37-cp37m-manylinux_2_17_x86_64.manylinux2014_x86_64.whl", hash = "sha256:f8fa53818f1170611d781aadbcae809ecc2334679212b4a4b3feabb55deb594d"},
    {file = "blake3-0.4.1-cp37-none-win32.whl", hash = "sha256:46ffb411a477009dfa99a592d4408e43ff885ea7df30ed8c8f284e87866be56e"},
    {file = "blake3-0.4.1-cp37-none-win_amd64.whl", hash = "sha256:0c3ce6142e385222f6de5312a9fb886270b7e63d9ffaa792571b03c4c83a7521"},
    {file = "blake3-0.4.1-cp38-cp38-macosx_10_12_x86_64.whl", hash = "sha256:fb6a62ef04c5ec4dd4630615c6a22ddab16eb0b7887276b3449946c12eeb37a2"},
    {file = "blake3-0.4.1-cp38-cp38-macosx_11_0_arm64.whl", hash = "sha256:34d7da38898ad4e0da7b8fe0bffb8c9d2788093ec202e01cd3ab24bc14049153"},
    {file = "blake3-0.4.1-cp38-cp38-manylinux_2_17_x86_64.manylinux2014_x86_64.whl", hash = "sha256:87a9fc37260d355569f0be751e0054e0b37e6a4ec022f4b7107ffeede419dde2"},
    {file = "blake3-0.4.1-cp38-none-win32.whl", hash = "sha256:d264ca87f0990f44985cf580b493508534dc6e72ace52a140cf725e42d602695"},
    {file = "blake3-0.4.1-cp38-none-win_amd64.whl", hash = "sha256:47316bdc9b4689601cefcc63e00a3e015cee1fa9864463be2b4f2e12473cb47f"},
    {file = "blake3-0.4.1-cp39-cp39-macosx_10_12_x86_64.whl", hash = "sha256:4d99136b7f7c8adcee0f7484e74b159fd3ea58e7d1e94d5351f0e98d9cfc522f"},
    {file = "blake3-0.4.1-cp39-cp39-macosx_11_0_arm64.whl", hash = "sha256:aa4989ea8f8bcfa057e50014b5b26cd8cfe0b1f06aa98d433976f45caf3a5580"},
    {file = "blake3-0.4.1-cp39-cp39-manylinux_2_17_x86_64.manylinux2014_x86_64.whl", hash = "sha256:a6c555d882117d638830b2f5f0fd9980bcd63286ad4c9959bc16b3df77042d6f"},
    {file = "blake3-0.4.1-cp39-none-win32.whl", hash = "sha256:a95cce3e8bfd7e717f901de80068ee4b5c77dc421f83eef00cf3eddd3ec8b87a"},
    {file = "blake3-0.4.1-cp39-none-win_amd64.whl", hash = "sha256:796e65ae333831bafed5969c691ac806fe4957b6f39e52b4c3cf20f3c00c576f"},
    {file = "blake3-0.4.1.tar.gz", hash = "sha256:0625c8679203d5a1d30f859696a3fd75b2f50587984690adab839ef112f4c043"},
]

[[package]]
name = "colorama"
version = "0.4.6"
description = "Cross-platform colored terminal text."
optional = false
python-versions = "!=3.0.*,!=3.1.*,!=3.2.*,!=3.3.*,!=3.4.*,!=3.5.*,!=3.6.*,>=2.7"
files = [
    {file = "colorama-0.4.6-py2.py3-none-any.whl", hash = "sha256:4f1d9991f5acc0ca119f9d443620b77f9d6b33703e51011c16baf57afb285fc6"},
    {file = "colorama-0.4.6.tar.gz", hash = "sha256:08695f5cb7ed6e0531a20572697297273c47b8cae5a63ffc6d6ed5c201be6e44"},
]

[[package]]
name = "coloredlogs"
version = "15.0.1"
description = "Colored terminal output for Python's logging module"
optional = true
python-versions = ">=2.7, !=3.0.*, !=3.1.*, !=3.2.*, !=3.3.*, !=3.4.*"
files = [
    {file = "coloredlogs-15.0.1-py2.py3-none-any.whl", hash = "sha256:612ee75c546f53e92e70049c9dbfcc18c935a2b9a53b66085ce9ef6a6e5c0934"},
    {file = "coloredlogs-15.0.1.tar.gz", hash = "sha256:7c991aa71a4577af2f82600d8f8f3a89f936baeaf9b50a9c197da014e5bf16b0"},
]

[package.dependencies]
humanfriendly = ">=9.1"

[package.extras]
cron = ["capturer (>=2.4)"]

[[package]]
name = "exceptiongroup"
version = "1.2.1"
description = "Backport of PEP 654 (exception groups)"
optional = false
python-versions = ">=3.7"
files = [
    {file = "exceptiongroup-1.2.1-py3-none-any.whl", hash = "sha256:5258b9ed329c5bbdd31a309f53cbfb0b155341807f6ff7606a1e801a891b29ad"},
    {file = "exceptiongroup-1.2.1.tar.gz", hash = "sha256:a4785e48b045528f5bfe627b6ad554ff32def154f42372786903b7abcfe1aa16"},
]

[package.extras]
test = ["pytest (>=6)"]

[[package]]
name = "flatbuffers"
version = "24.3.25"
description = "The FlatBuffers serialization format for Python"
optional = true
python-versions = "*"
files = [
    {file = "flatbuffers-24.3.25-py2.py3-none-any.whl", hash = "sha256:8dbdec58f935f3765e4f7f3cf635ac3a77f83568138d6a2311f524ec96364812"},
    {file = "flatbuffers-24.3.25.tar.gz", hash = "sha256:de2ec5b203f21441716617f38443e0a8ebf3d25bf0d9c0bb0ce68fa00ad546a4"},
]

[[package]]
name = "humanfriendly"
version = "10.0"
description = "Human friendly output for text interfaces using Python"
optional = true
python-versions = ">=2.7, !=3.0.*, !=3.1.*, !=3.2.*, !=3.3.*, !=3.4.*"
files = [
    {file = "humanfriendly-10.0-py2.py3-none-any.whl", hash = "sha256:1697e1a8a8f550fd43c2865cd84542fc175a61dcb779b6fee18cf6b6ccba1477"},
    {file = "humanfriendly-10.0.tar.gz", hash = "sha256:6b0b831ce8f15f7300721aa49829fc4e83921a9a301cc7f606be6686a2288ddc"},
]

[package.dependencies]
pyreadline3 = {version = "*", markers = "sys_platform == \"win32\" and python_version >= \"3.8\""}

[[package]]
name = "importlib-metadata"
version = "7.1.0"
description = "Read metadata from Python packages"
optional = false
python-versions = ">=3.8"
files = [
    {file = "importlib_metadata-7.1.0-py3-none-any.whl", hash = "sha256:30962b96c0c223483ed6cc7280e7f0199feb01a0e40cfae4d4450fc6fab1f570"},
    {file = "importlib_metadata-7.1.0.tar.gz", hash = "sha256:b78938b926ee8d5f020fc4772d487045805a55ddbad2ecf21c6d60938dc7fcd2"},
]

[package.dependencies]
zipp = ">=0.5"

[package.extras]
docs = ["furo", "jaraco.packaging (>=9.3)", "jaraco.tidelift (>=1.4)", "rst.linker (>=1.9)", "sphinx (>=3.5)", "sphinx-lint"]
perf = ["ipython"]
testing = ["flufl.flake8", "importlib-resources (>=1.3)", "jaraco.test (>=5.4)", "packaging", "pyfakefs", "pytest (>=6)", "pytest-checkdocs (>=2.4)", "pytest-cov", "pytest-enabler (>=2.2)", "pytest-mypy", "pytest-perf (>=0.9.2)", "pytest-ruff (>=0.2.1)"]

[[package]]
name = "iniconfig"
version = "2.0.0"
description = "brain-dead simple config-ini parsing"
optional = false
python-versions = ">=3.7"
files = [
    {file = "iniconfig-2.0.0-py3-none-any.whl", hash = "sha256:b6a85871a79d2e3b22d2d1b94ac2824226a63c6b741c88f7ae975f18b6778374"},
    {file = "iniconfig-2.0.0.tar.gz", hash = "sha256:2d91e135bf72d31a410b17c16da610a82cb55f6b0477d1a902134b24a455b8b3"},
]

[[package]]
name = "loguru"
version = "0.7.2"
description = "Python logging made (stupidly) simple"
optional = false
python-versions = ">=3.5"
files = [
    {file = "loguru-0.7.2-py3-none-any.whl", hash = "sha256:003d71e3d3ed35f0f8984898359d65b79e5b21943f78af86aa5491210429b8eb"},
    {file = "loguru-0.7.2.tar.gz", hash = "sha256:e671a53522515f34fd406340ee968cb9ecafbc4b36c679da03c18fd8d0bd51ac"},
]

[package.dependencies]
colorama = {version = ">=0.3.4", markers = "sys_platform == \"win32\""}
win32-setctime = {version = ">=1.0.0", markers = "sys_platform == \"win32\""}

[package.extras]
dev = ["Sphinx (==7.2.5)", "colorama (==0.4.5)", "colorama (==0.4.6)", "exceptiongroup (==1.1.3)", "freezegun (==1.1.0)", "freezegun (==1.2.2)", "mypy (==v0.910)", "mypy (==v0.971)", "mypy (==v1.4.1)", "mypy (==v1.5.1)", "pre-commit (==3.4.0)", "pytest (==6.1.2)", "pytest (==7.4.0)", "pytest-cov (==2.12.1)", "pytest-cov (==4.1.0)", "pytest-mypy-plugins (==1.9.3)", "pytest-mypy-plugins (==3.0.0)", "sphinx-autobuild (==2021.3.14)", "sphinx-rtd-theme (==1.3.0)", "tox (==3.27.1)", "tox (==4.11.0)"]

[[package]]
name = "markdown-it-py"
version = "3.0.0"
description = "Python port of markdown-it. Markdown parsing, done right!"
optional = false
python-versions = ">=3.8"
files = [
    {file = "markdown-it-py-3.0.0.tar.gz", hash = "sha256:e3f60a94fa066dc52ec76661e37c851cb232d92f9886b15cb560aaada2df8feb"},
    {file = "markdown_it_py-3.0.0-py3-none-any.whl", hash = "sha256:355216845c60bd96232cd8d8c40e8f9765cc86f46880e43a8fd22dc1a1a8cab1"},
]

[package.dependencies]
mdurl = ">=0.1,<1.0"

[package.extras]
benchmarking = ["psutil", "pytest", "pytest-benchmark"]
code-style = ["pre-commit (>=3.0,<4.0)"]
compare = ["commonmark (>=0.9,<1.0)", "markdown (>=3.4,<4.0)", "mistletoe (>=1.0,<2.0)", "mistune (>=2.0,<3.0)", "panflute (>=2.3,<3.0)"]
linkify = ["linkify-it-py (>=1,<3)"]
plugins = ["mdit-py-plugins"]
profiling = ["gprof2dot"]
rtd = ["jupyter_sphinx", "mdit-py-plugins", "myst-parser", "pyyaml", "sphinx", "sphinx-copybutton", "sphinx-design", "sphinx_book_theme"]
testing = ["coverage", "pytest", "pytest-cov", "pytest-regressions"]

[[package]]
name = "mdformat"
version = "0.7.17"
description = "CommonMark compliant Markdown formatter"
optional = false
python-versions = ">=3.8"
files = [
    {file = "mdformat-0.7.17-py3-none-any.whl", hash = "sha256:91ffc5e203f5814a6ad17515c77767fd2737fc12ffd8b58b7bb1d8b9aa6effaa"},
    {file = "mdformat-0.7.17.tar.gz", hash = "sha256:a9dbb1838d43bb1e6f03bd5dca9412c552544a9bc42d6abb5dc32adfe8ae7c0d"},
]

[package.dependencies]
importlib-metadata = {version = ">=3.6.0", markers = "python_version < \"3.10\""}
markdown-it-py = ">=1.0.0,<4.0.0"
tomli = {version = ">=1.1.0", markers = "python_version < \"3.11\""}

[[package]]
name = "mdurl"
version = "0.1.2"
description = "Markdown URL utilities"
optional = false
python-versions = ">=3.7"
files = [
    {file = "mdurl-0.1.2-py3-none-any.whl", hash = "sha256:84008a41e51615a49fc9966191ff91509e3c40b939176e643fd50a5c2196b8f8"},
    {file = "mdurl-0.1.2.tar.gz", hash = "sha256:bb413d29f5eea38f31dd4754dd7377d4465116fb207585f97bf925588687c1ba"},
]

[[package]]
name = "mpmath"
version = "1.3.0"
description = "Python library for arbitrary-precision floating-point arithmetic"
optional = true
python-versions = "*"
files = [
    {file = "mpmath-1.3.0-py3-none-any.whl", hash = "sha256:a0b2b9fe80bbcd81a6647ff13108738cfb482d481d826cc0e02f5b35e5c88d2c"},
    {file = "mpmath-1.3.0.tar.gz", hash = "sha256:7a28eb2a9774d00c7bc92411c19a89209d5da7c4c9a9e227be8330a23a25b91f"},
]

[package.extras]
develop = ["codecov", "pycodestyle", "pytest (>=4.6)", "pytest-cov", "wheel"]
docs = ["sphinx"]
gmpy = ["gmpy2 (>=2.1.0a4)"]
tests = ["pytest (>=4.6)"]

[[package]]
name = "numpy"
version = "1.24.4"
description = "Fundamental package for array computing in Python"
optional = true
python-versions = ">=3.8"
files = [
    {file = "numpy-1.24.4-cp310-cp310-macosx_10_9_x86_64.whl", hash = "sha256:c0bfb52d2169d58c1cdb8cc1f16989101639b34c7d3ce60ed70b19c63eba0b64"},
    {file = "numpy-1.24.4-cp310-cp310-macosx_11_0_arm64.whl", hash = "sha256:ed094d4f0c177b1b8e7aa9cba7d6ceed51c0e569a5318ac0ca9a090680a6a1b1"},
    {file = "numpy-1.24.4-cp310-cp310-manylinux_2_17_aarch64.manylinux2014_aarch64.whl", hash = "sha256:79fc682a374c4a8ed08b331bef9c5f582585d1048fa6d80bc6c35bc384eee9b4"},
    {file = "numpy-1.24.4-cp310-cp310-manylinux_2_17_x86_64.manylinux2014_x86_64.whl", hash = "sha256:7ffe43c74893dbf38c2b0a1f5428760a1a9c98285553c89e12d70a96a7f3a4d6"},
    {file = "numpy-1.24.4-cp310-cp310-win32.whl", hash = "sha256:4c21decb6ea94057331e111a5bed9a79d335658c27ce2adb580fb4d54f2ad9bc"},
    {file = "numpy-1.24.4-cp310-cp310-win_amd64.whl", hash = "sha256:b4bea75e47d9586d31e892a7401f76e909712a0fd510f58f5337bea9572c571e"},
    {file = "numpy-1.24.4-cp311-cp311-macosx_10_9_x86_64.whl", hash = "sha256:f136bab9c2cfd8da131132c2cf6cc27331dd6fae65f95f69dcd4ae3c3639c810"},
    {file = "numpy-1.24.4-cp311-cp311-macosx_11_0_arm64.whl", hash = "sha256:e2926dac25b313635e4d6cf4dc4e51c8c0ebfed60b801c799ffc4c32bf3d1254"},
    {file = "numpy-1.24.4-cp311-cp311-manylinux_2_17_aarch64.manylinux2014_aarch64.whl", hash = "sha256:222e40d0e2548690405b0b3c7b21d1169117391c2e82c378467ef9ab4c8f0da7"},
    {file = "numpy-1.24.4-cp311-cp311-manylinux_2_17_x86_64.manylinux2014_x86_64.whl", hash = "sha256:7215847ce88a85ce39baf9e89070cb860c98fdddacbaa6c0da3ffb31b3350bd5"},
    {file = "numpy-1.24.4-cp311-cp311-win32.whl", hash = "sha256:4979217d7de511a8d57f4b4b5b2b965f707768440c17cb70fbf254c4b225238d"},
    {file = "numpy-1.24.4-cp311-cp311-win_amd64.whl", hash = "sha256:b7b1fc9864d7d39e28f41d089bfd6353cb5f27ecd9905348c24187a768c79694"},
    {file = "numpy-1.24.4-cp38-cp38-macosx_10_9_x86_64.whl", hash = "sha256:1452241c290f3e2a312c137a9999cdbf63f78864d63c79039bda65ee86943f61"},
    {file = "numpy-1.24.4-cp38-cp38-macosx_11_0_arm64.whl", hash = "sha256:04640dab83f7c6c85abf9cd729c5b65f1ebd0ccf9de90b270cd61935eef0197f"},
    {file = "numpy-1.24.4-cp38-cp38-manylinux_2_17_aarch64.manylinux2014_aarch64.whl", hash = "sha256:a5425b114831d1e77e4b5d812b69d11d962e104095a5b9c3b641a218abcc050e"},
    {file = "numpy-1.24.4-cp38-cp38-manylinux_2_17_x86_64.manylinux2014_x86_64.whl", hash = "sha256:dd80e219fd4c71fc3699fc1dadac5dcf4fd882bfc6f7ec53d30fa197b8ee22dc"},
    {file = "numpy-1.24.4-cp38-cp38-win32.whl", hash = "sha256:4602244f345453db537be5314d3983dbf5834a9701b7723ec28923e2889e0bb2"},
    {file = "numpy-1.24.4-cp38-cp38-win_amd64.whl", hash = "sha256:692f2e0f55794943c5bfff12b3f56f99af76f902fc47487bdfe97856de51a706"},
    {file = "numpy-1.24.4-cp39-cp39-macosx_10_9_x86_64.whl", hash = "sha256:2541312fbf09977f3b3ad449c4e5f4bb55d0dbf79226d7724211acc905049400"},
    {file = "numpy-1.24.4-cp39-cp39-macosx_11_0_arm64.whl", hash = "sha256:9667575fb6d13c95f1b36aca12c5ee3356bf001b714fc354eb5465ce1609e62f"},
    {file = "numpy-1.24.4-cp39-cp39-manylinux_2_17_aarch64.manylinux2014_aarch64.whl", hash = "sha256:f3a86ed21e4f87050382c7bc96571755193c4c1392490744ac73d660e8f564a9"},
    {file = "numpy-1.24.4-cp39-cp39-manylinux_2_17_x86_64.manylinux2014_x86_64.whl", hash = "sha256:d11efb4dbecbdf22508d55e48d9c8384db795e1b7b51ea735289ff96613ff74d"},
    {file = "numpy-1.24.4-cp39-cp39-win32.whl", hash = "sha256:6620c0acd41dbcb368610bb2f4d83145674040025e5536954782467100aa8835"},
    {file = "numpy-1.24.4-cp39-cp39-win_amd64.whl", hash = "sha256:befe2bf740fd8373cf56149a5c23a0f601e82869598d41f8e188a0e9869926f8"},
    {file = "numpy-1.24.4-pp38-pypy38_pp73-macosx_10_9_x86_64.whl", hash = "sha256:31f13e25b4e304632a4619d0e0777662c2ffea99fcae2029556b17d8ff958aef"},
    {file = "numpy-1.24.4-pp38-pypy38_pp73-manylinux_2_17_x86_64.manylinux2014_x86_64.whl", hash = "sha256:95f7ac6540e95bc440ad77f56e520da5bf877f87dca58bd095288dce8940532a"},
    {file = "numpy-1.24.4-pp38-pypy38_pp73-win_amd64.whl", hash = "sha256:e98f220aa76ca2a977fe435f5b04d7b3470c0a2e6312907b37ba6068f26787f2"},
    {file = "numpy-1.24.4.tar.gz", hash = "sha256:80f5e3a4e498641401868df4208b74581206afbee7cf7b8329daae82676d9463"},
]

[[package]]
name = "onnxruntime"
version = "1.17.3"
description = "ONNX Runtime is a runtime accelerator for Machine Learning models"
optional = true
python-versions = "*"
files = [
    {file = "onnxruntime-1.17.3-cp310-cp310-macosx_11_0_universal2.whl", hash = "sha256:d86dde9c0bb435d709e51bd25991c9fe5b9a5b168df45ce119769edc4d198b15"},
    {file = "onnxruntime-1.17.3-cp310-cp310-manylinux_2_27_aarch64.manylinux_2_28_aarch64.whl", hash = "sha256:9d87b68bf931ac527b2d3c094ead66bb4381bac4298b65f46c54fe4d1e255865"},
    {file = "onnxruntime-1.17.3-cp310-cp310-manylinux_2_27_x86_64.manylinux_2_28_x86_64.whl", hash = "sha256:26e950cf0333cf114a155f9142e71da344d2b08dfe202763a403ae81cc02ebd1"},
    {file = "onnxruntime-1.17.3-cp310-cp310-win32.whl", hash = "sha256:0962a4d0f5acebf62e1f0bf69b6e0adf16649115d8de854c1460e79972324d68"},
    {file = "onnxruntime-1.17.3-cp310-cp310-win_amd64.whl", hash = "sha256:468ccb8a0faa25c681a41787b1594bf4448b0252d3efc8b62fd8b2411754340f"},
    {file = "onnxruntime-1.17.3-cp311-cp311-macosx_11_0_universal2.whl", hash = "sha256:e8cd90c1c17d13d47b89ab076471e07fb85467c01dcd87a8b8b5cdfbcb40aa51"},
    {file = "onnxruntime-1.17.3-cp311-cp311-manylinux_2_27_aarch64.manylinux_2_28_aarch64.whl", hash = "sha256:a058b39801baefe454eeb8acf3ada298c55a06a4896fafc224c02d79e9037f60"},
    {file = "onnxruntime-1.17.3-cp311-cp311-manylinux_2_27_x86_64.manylinux_2_28_x86_64.whl", hash = "sha256:2f823d5eb4807007f3da7b27ca972263df6a1836e6f327384eb266274c53d05d"},
    {file = "onnxruntime-1.17.3-cp311-cp311-win32.whl", hash = "sha256:b66b23f9109e78ff2791628627a26f65cd335dcc5fbd67ff60162733a2f7aded"},
    {file = "onnxruntime-1.17.3-cp311-cp311-win_amd64.whl", hash = "sha256:570760ca53a74cdd751ee49f13de70d1384dcf73d9888b8deac0917023ccda6d"},
    {file = "onnxruntime-1.17.3-cp312-cp312-macosx_11_0_universal2.whl", hash = "sha256:77c318178d9c16e9beadd9a4070d8aaa9f57382c3f509b01709f0f010e583b99"},
    {file = "onnxruntime-1.17.3-cp312-cp312-manylinux_2_27_aarch64.manylinux_2_28_aarch64.whl", hash = "sha256:23da8469049b9759082e22c41a444f44a520a9c874b084711b6343672879f50b"},
    {file = "onnxruntime-1.17.3-cp312-cp312-manylinux_2_27_x86_64.manylinux_2_28_x86_64.whl", hash = "sha256:2949730215af3f9289008b2e31e9bbef952012a77035b911c4977edea06f3f9e"},
    {file = "onnxruntime-1.17.3-cp312-cp312-win32.whl", hash = "sha256:6c7555a49008f403fb3b19204671efb94187c5085976ae526cb625f6ede317bc"},
    {file = "onnxruntime-1.17.3-cp312-cp312-win_amd64.whl", hash = "sha256:58672cf20293a1b8a277a5c6c55383359fcdf6119b2f14df6ce3b140f5001c39"},
    {file = "onnxruntime-1.17.3-cp38-cp38-macosx_11_0_universal2.whl", hash = "sha256:4395ba86e3c1e93c794a00619ef1aec597ab78f5a5039f3c6d2e9d0695c0a734"},
    {file = "onnxruntime-1.17.3-cp38-cp38-manylinux_2_27_aarch64.manylinux_2_28_aarch64.whl", hash = "sha256:bdf354c04344ec38564fc22394e1fe08aa6d70d790df00159205a0055c4a4d3f"},
    {file = "onnxruntime-1.17.3-cp38-cp38-manylinux_2_27_x86_64.manylinux_2_28_x86_64.whl", hash = "sha256:a94b600b7af50e922d44b95a57981e3e35103c6e3693241a03d3ca204740bbda"},
    {file = "onnxruntime-1.17.3-cp38-cp38-win32.whl", hash = "sha256:5a335c76f9c002a8586c7f38bc20fe4b3725ced21f8ead835c3e4e507e42b2ab"},
    {file = "onnxruntime-1.17.3-cp38-cp38-win_amd64.whl", hash = "sha256:8f56a86fbd0ddc8f22696ddeda0677b041381f4168a2ca06f712ef6ec6050d6d"},
    {file = "onnxruntime-1.17.3-cp39-cp39-macosx_11_0_universal2.whl", hash = "sha256:e0ae39f5452278cd349520c296e7de3e90d62dc5b0157c6868e2748d7f28b871"},
    {file = "onnxruntime-1.17.3-cp39-cp39-manylinux_2_27_aarch64.manylinux_2_28_aarch64.whl", hash = "sha256:3ff2dc012bd930578aff5232afd2905bf16620815f36783a941aafabf94b3702"},
    {file = "onnxruntime-1.17.3-cp39-cp39-manylinux_2_27_x86_64.manylinux_2_28_x86_64.whl", hash = "sha256:cf6c37483782e4785019b56e26224a25e9b9a35b849d0169ce69189867a22bb1"},
    {file = "onnxruntime-1.17.3-cp39-cp39-win32.whl", hash = "sha256:351bf5a1140dcc43bfb8d3d1a230928ee61fcd54b0ea664c8e9a889a8e3aa515"},
    {file = "onnxruntime-1.17.3-cp39-cp39-win_amd64.whl", hash = "sha256:57a3de15778da8d6cc43fbf6cf038e1e746146300b5f0b1fbf01f6f795dc6440"},
]

[package.dependencies]
coloredlogs = "*"
flatbuffers = "*"
numpy = ">=1.21.6"
packaging = "*"
protobuf = "*"
sympy = "*"

[[package]]
name = "onnxruntime-gpu"
version = "1.17.1"
description = "ONNX Runtime is a runtime accelerator for Machine Learning models"
optional = true
python-versions = "*"
files = [
    {file = "onnxruntime_gpu-1.17.1-cp310-cp310-manylinux_2_28_x86_64.whl", hash = "sha256:a55fe84ee11a59ea069c6a790ee960f1c7da0d7d6c74822b2a8b357027c93646"},
    {file = "onnxruntime_gpu-1.17.1-cp310-cp310-win_amd64.whl", hash = "sha256:a9abefceb32879cbee9f57977d6bb8d58cbac501f8a64bf96bca2f4fdff157fe"},
    {file = "onnxruntime_gpu-1.17.1-cp311-cp311-manylinux_2_28_x86_64.whl", hash = "sha256:b2cd54f2b0a05e6bc9ab30182b859364d30115a19c31be24aa2edef40be00277"},
    {file = "onnxruntime_gpu-1.17.1-cp311-cp311-win_amd64.whl", hash = "sha256:bdffcced8a5f6275c0df202220e9232138b336f868cd671c9d2c571e834d2a80"},
    {file = "onnxruntime_gpu-1.17.1-cp312-cp312-manylinux_2_28_x86_64.whl", hash = "sha256:a1c871e8d0ae4121ea6528fc9410a5a7cbc5e43714b30521d5514fd10b987c83"},
    {file = "onnxruntime_gpu-1.17.1-cp312-cp312-win_amd64.whl", hash = "sha256:9a0a94eda080e9f4a8e5035fdf0b3c24f5533e7861d88833a94493e63fca0812"},
    {file = "onnxruntime_gpu-1.17.1-cp38-cp38-manylinux_2_28_x86_64.whl", hash = "sha256:624fdb65a632833f13de36854855818680be4f77942d8114524491d58f60d3ab"},
    {file = "onnxruntime_gpu-1.17.1-cp38-cp38-win_amd64.whl", hash = "sha256:29fa78d232bbb5a5be3a3e0a022148a7b3df2ca66b4c21a11eef56e6f22859e9"},
    {file = "onnxruntime_gpu-1.17.1-cp39-cp39-manylinux_2_28_x86_64.whl", hash = "sha256:b0f8c70f2f9aeae825f3a397cc0c5f45124f9ae7c173263cf13c495982b0b99a"},
    {file = "onnxruntime_gpu-1.17.1-cp39-cp39-win_amd64.whl", hash = "sha256:b1a27a104334461b690e4fc62775e1e71c68936399874932225d7fea21a0c261"},
]

[package.dependencies]
coloredlogs = "*"
flatbuffers = "*"
numpy = ">=1.21.6"
packaging = "*"
protobuf = "*"
sympy = "*"

[[package]]
name = "packaging"
version = "24.0"
description = "Core utilities for Python packages"
optional = false
python-versions = ">=3.7"
files = [
    {file = "packaging-24.0-py3-none-any.whl", hash = "sha256:2ddfb553fdf02fb784c234c7ba6ccc288296ceabec964ad2eae3777778130bc5"},
    {file = "packaging-24.0.tar.gz", hash = "sha256:eb82c5e3e56209074766e6885bb04b8c38a0c015d0a30036ebe7ece34c9989e9"},
]

[[package]]
name = "pastel"
version = "0.2.1"
description = "Bring colors to your terminal."
optional = false
python-versions = ">=2.7, !=3.0.*, !=3.1.*, !=3.2.*, !=3.3.*"
files = [
    {file = "pastel-0.2.1-py2.py3-none-any.whl", hash = "sha256:4349225fcdf6c2bb34d483e523475de5bb04a5c10ef711263452cb37d7dd4364"},
    {file = "pastel-0.2.1.tar.gz", hash = "sha256:e6581ac04e973cac858828c6202c1e1e81fee1dc7de7683f3e1ffe0bfd8a573d"},
]

[[package]]
name = "platformdirs"
version = "4.2.1"
description = "A small Python package for determining appropriate platform-specific dirs, e.g. a `user data dir`."
optional = false
python-versions = ">=3.8"
files = [
    {file = "platformdirs-4.2.1-py3-none-any.whl", hash = "sha256:17d5a1161b3fd67b390023cb2d3b026bbd40abde6fdb052dfbd3a29c3ba22ee1"},
    {file = "platformdirs-4.2.1.tar.gz", hash = "sha256:031cd18d4ec63ec53e82dceaac0417d218a6863f7745dfcc9efe7793b7039bdf"},
]

[package.extras]
docs = ["furo (>=2023.9.10)", "proselint (>=0.13)", "sphinx (>=7.2.6)", "sphinx-autodoc-typehints (>=1.25.2)"]
test = ["appdirs (==1.4.4)", "covdefaults (>=2.3)", "pytest (>=7.4.3)", "pytest-cov (>=4.1)", "pytest-mock (>=3.12)"]
type = ["mypy (>=1.8)"]

[[package]]
name = "pluggy"
version = "1.5.0"
description = "plugin and hook calling mechanisms for python"
optional = false
python-versions = ">=3.8"
files = [
    {file = "pluggy-1.5.0-py3-none-any.whl", hash = "sha256:44e1ad92c8ca002de6377e165f3e0f1be63266ab4d554740532335b9d75ea669"},
    {file = "pluggy-1.5.0.tar.gz", hash = "sha256:2cffa88e94fdc978c4c574f15f9e59b7f4201d439195c3715ca9e2486f1d0cf1"},
]

[package.extras]
dev = ["pre-commit", "tox"]
testing = ["pytest", "pytest-benchmark"]

[[package]]
name = "poethepoet"
version = "0.26.1"
description = "A task runner that works well with poetry."
optional = false
python-versions = ">=3.8"
files = [
    {file = "poethepoet-0.26.1-py3-none-any.whl", hash = "sha256:aa43b443fec5d17d7e76771cccd484e5285805301721a74f059c483ad3276edd"},
    {file = "poethepoet-0.26.1.tar.gz", hash = "sha256:aaad8541f6072617a60bcff2562d00779b58b353bd0f1847b06d8d0f2b6dc192"},
]

[package.dependencies]
pastel = ">=0.2.1,<0.3.0"
tomli = ">=1.2.2"

[package.extras]
poetry-plugin = ["poetry (>=1.0,<2.0)"]

[[package]]
name = "protobuf"
version = "5.26.1"
description = ""
optional = true
python-versions = ">=3.8"
files = [
    {file = "protobuf-5.26.1-cp310-abi3-win32.whl", hash = "sha256:3c388ea6ddfe735f8cf69e3f7dc7611e73107b60bdfcf5d0f024c3ccd3794e23"},
    {file = "protobuf-5.26.1-cp310-abi3-win_amd64.whl", hash = "sha256:e6039957449cb918f331d32ffafa8eb9255769c96aa0560d9a5bf0b4e00a2a33"},
    {file = "protobuf-5.26.1-cp37-abi3-macosx_10_9_universal2.whl", hash = "sha256:38aa5f535721d5bb99861166c445c4105c4e285c765fbb2ac10f116e32dcd46d"},
    {file = "protobuf-5.26.1-cp37-abi3-manylinux2014_aarch64.whl", hash = "sha256:fbfe61e7ee8c1860855696e3ac6cfd1b01af5498facc6834fcc345c9684fb2ca"},
    {file = "protobuf-5.26.1-cp37-abi3-manylinux2014_x86_64.whl", hash = "sha256:f7417703f841167e5a27d48be13389d52ad705ec09eade63dfc3180a959215d7"},
    {file = "protobuf-5.26.1-cp38-cp38-win32.whl", hash = "sha256:d693d2504ca96750d92d9de8a103102dd648fda04540495535f0fec7577ed8fc"},
    {file = "protobuf-5.26.1-cp38-cp38-win_amd64.whl", hash = "sha256:9b557c317ebe6836835ec4ef74ec3e994ad0894ea424314ad3552bc6e8835b4e"},
    {file = "protobuf-5.26.1-cp39-cp39-win32.whl", hash = "sha256:b9ba3ca83c2e31219ffbeb9d76b63aad35a3eb1544170c55336993d7a18ae72c"},
    {file = "protobuf-5.26.1-cp39-cp39-win_amd64.whl", hash = "sha256:7ee014c2c87582e101d6b54260af03b6596728505c79f17c8586e7523aaa8f8c"},
    {file = "protobuf-5.26.1-py3-none-any.whl", hash = "sha256:da612f2720c0183417194eeaa2523215c4fcc1a1949772dc65f05047e08d5932"},
    {file = "protobuf-5.26.1.tar.gz", hash = "sha256:8ca2a1d97c290ec7b16e4e5dff2e5ae150cc1582f55b5ab300d45cb0dfa90e51"},
]

[[package]]
name = "pyreadline3"
version = "3.4.1"
description = "A python implementation of GNU readline."
optional = true
python-versions = "*"
files = [
    {file = "pyreadline3-3.4.1-py3-none-any.whl", hash = "sha256:b0efb6516fd4fb07b45949053826a62fa4cb353db5be2bbb4a7aa1fdd1e345fb"},
    {file = "pyreadline3-3.4.1.tar.gz", hash = "sha256:6f3d1f7b8a31ba32b73917cefc1f28cc660562f39aea8646d30bd6eff21f7bae"},
]

[[package]]
name = "pytest"
version = "8.2.0"
description = "pytest: simple powerful testing with Python"
optional = false
python-versions = ">=3.8"
files = [
    {file = "pytest-8.2.0-py3-none-any.whl", hash = "sha256:1733f0620f6cda4095bbf0d9ff8022486e91892245bb9e7d5542c018f612f233"},
    {file = "pytest-8.2.0.tar.gz", hash = "sha256:d507d4482197eac0ba2bae2e9babf0672eb333017bcedaa5fb1a3d42c1174b3f"},
]

[package.dependencies]
colorama = {version = "*", markers = "sys_platform == \"win32\""}
exceptiongroup = {version = ">=1.0.0rc8", markers = "python_version < \"3.11\""}
iniconfig = "*"
packaging = "*"
pluggy = ">=1.5,<2.0"
tomli = {version = ">=1", markers = "python_version < \"3.11\""}

[package.extras]
dev = ["argcomplete", "attrs (>=19.2)", "hypothesis (>=3.56)", "mock", "pygments (>=2.7.2)", "requests", "setuptools", "xmlschema"]

[[package]]
name = "ruff"
version = "0.4.3"
description = "An extremely fast Python linter and code formatter, written in Rust."
optional = false
python-versions = ">=3.7"
files = [
    {file = "ruff-0.4.3-py3-none-macosx_10_12_x86_64.whl", hash = "sha256:b70800c290f14ae6fcbb41bbe201cf62dfca024d124a1f373e76371a007454ce"},
    {file = "ruff-0.4.3-py3-none-macosx_11_0_arm64.whl", hash = "sha256:08a0d6a22918ab2552ace96adeaca308833873a4d7d1d587bb1d37bae8728eb3"},
    {file = "ruff-0.4.3-py3-none-manylinux_2_17_aarch64.manylinux2014_aarch64.whl", hash = "sha256:eba1f14df3c758dd7de5b55fbae7e1c8af238597961e5fb628f3de446c3c40c5"},
    {file = "ruff-0.4.3-py3-none-manylinux_2_17_armv7l.manylinux2014_armv7l.whl", hash = "sha256:819fb06d535cc76dfddbfe8d3068ff602ddeb40e3eacbc90e0d1272bb8d97113"},
    {file = "ruff-0.4.3-py3-none-manylinux_2_17_i686.manylinux2014_i686.whl", hash = "sha256:0bfc9e955e6dc6359eb6f82ea150c4f4e82b660e5b58d9a20a0e42ec3bb6342b"},
    {file = "ruff-0.4.3-py3-none-manylinux_2_17_ppc64.manylinux2014_ppc64.whl", hash = "sha256:510a67d232d2ebe983fddea324dbf9d69b71c4d2dfeb8a862f4a127536dd4cfb"},
    {file = "ruff-0.4.3-py3-none-manylinux_2_17_ppc64le.manylinux2014_ppc64le.whl", hash = "sha256:dc9ff11cd9a092ee7680a56d21f302bdda14327772cd870d806610a3503d001f"},
    {file = "ruff-0.4.3-py3-none-manylinux_2_17_s390x.manylinux2014_s390x.whl", hash = "sha256:29efff25bf9ee685c2c8390563a5b5c006a3fee5230d28ea39f4f75f9d0b6f2f"},
    {file = "ruff-0.4.3-py3-none-manylinux_2_17_x86_64.manylinux2014_x86_64.whl", hash = "sha256:18b00e0bcccf0fc8d7186ed21e311dffd19761cb632241a6e4fe4477cc80ef6e"},
    {file = "ruff-0.4.3-py3-none-musllinux_1_2_aarch64.whl", hash = "sha256:262f5635e2c74d80b7507fbc2fac28fe0d4fef26373bbc62039526f7722bca1b"},
    {file = "ruff-0.4.3-py3-none-musllinux_1_2_armv7l.whl", hash = "sha256:7363691198719c26459e08cc17c6a3dac6f592e9ea3d2fa772f4e561b5fe82a3"},
    {file = "ruff-0.4.3-py3-none-musllinux_1_2_i686.whl", hash = "sha256:eeb039f8428fcb6725bb63cbae92ad67b0559e68b5d80f840f11914afd8ddf7f"},
    {file = "ruff-0.4.3-py3-none-musllinux_1_2_x86_64.whl", hash = "sha256:927b11c1e4d0727ce1a729eace61cee88a334623ec424c0b1c8fe3e5f9d3c865"},
    {file = "ruff-0.4.3-py3-none-win32.whl", hash = "sha256:25cacda2155778beb0d064e0ec5a3944dcca9c12715f7c4634fd9d93ac33fd30"},
    {file = "ruff-0.4.3-py3-none-win_amd64.whl", hash = "sha256:7a1c3a450bc6539ef00da6c819fb1b76b6b065dec585f91456e7c0d6a0bbc725"},
    {file = "ruff-0.4.3-py3-none-win_arm64.whl", hash = "sha256:71ca5f8ccf1121b95a59649482470c5601c60a416bf189d553955b0338e34614"},
    {file = "ruff-0.4.3.tar.gz", hash = "sha256:ff0a3ef2e3c4b6d133fbedcf9586abfbe38d076041f2dc18ffb2c7e0485d5a07"},
]

[[package]]
name = "semantic-text-splitter"
version = "0.13.0"
description = "Split text into semantic chunks, up to a desired chunk size. Supports calculating length by characters and tokens, and is callable from Rust and Python."
optional = false
python-versions = ">=3.8"
files = [
    {file = "semantic_text_splitter-0.13.0-cp38-abi3-macosx_10_12_x86_64.whl", hash = "sha256:2807e7db369d11c15a7bfad621af43b784685a12f04f8ef83b96337aed378b2a"},
    {file = "semantic_text_splitter-0.13.0-cp38-abi3-macosx_11_0_arm64.whl", hash = "sha256:9ed4c455881afcd97f0ac9e022554191ccdf28c9171237cc3bf2714c8564e508"},
    {file = "semantic_text_splitter-0.13.0-cp38-abi3-manylinux_2_17_aarch64.manylinux2014_aarch64.whl", hash = "sha256:9e4f868e1444d23457cd2a5b6a17ea9c3a9f98b8752127b3431e23f6d77459b2"},
    {file = "semantic_text_splitter-0.13.0-cp38-abi3-manylinux_2_17_armv7l.manylinux2014_armv7l.whl", hash = "sha256:7108f82aa781c623792a8cf368affcfd4bcbf573b52125d456de10f394680570"},
    {file = "semantic_text_splitter-0.13.0-cp38-abi3-manylinux_2_17_i686.manylinux2014_i686.whl", hash = "sha256:de64c07d74ba0e698e328144dbc3f5efc6ceb037592757e7dd7e52ab86766cfa"},
    {file = "semantic_text_splitter-0.13.0-cp38-abi3-manylinux_2_17_ppc64le.manylinux2014_ppc64le.whl", hash = "sha256:9efc2a3ce8e6bc38002b5006bf6d36a9c783a09202c00242a3e06726e23b56ec"},
    {file = "semantic_text_splitter-0.13.0-cp38-abi3-manylinux_2_17_s390x.manylinux2014_s390x.whl", hash = "sha256:d40c4d783f3c222038637085e06c34991607b480c84a2ad275d65de999d9cd70"},
    {file = "semantic_text_splitter-0.13.0-cp38-abi3-manylinux_2_17_x86_64.manylinux2014_x86_64.whl", hash = "sha256:6b285af4f477e4091ae256c387b883dfe0cb0b7be4e1fc0f7b710877216ad486"},
    {file = "semantic_text_splitter-0.13.0-cp38-abi3-win32.whl", hash = "sha256:49b95050646b90afc628be8cb3bbbce9b89b0dc63ba29b742d3f01d6ef5dee11"},
    {file = "semantic_text_splitter-0.13.0-cp38-abi3-win_amd64.whl", hash = "sha256:88d219b98d4f798763ba24be2fea7fa113dbf934ada7f61c65a4fe3a5e605d8e"},
    {file = "semantic_text_splitter-0.13.0.tar.gz", hash = "sha256:76fd4ac5ac3bb18d400039b51c35dd2a4686989bb0d96d135da3bcdae1f400f8"},
]

[package.extras]
docs = ["pdoc"]
test = ["black", "pytest", "tokenizers"]

[[package]]
name = "sympy"
version = "1.12"
description = "Computer algebra system (CAS) in Python"
optional = true
python-versions = ">=3.8"
files = [
    {file = "sympy-1.12-py3-none-any.whl", hash = "sha256:c3588cd4295d0c0f603d0f2ae780587e64e2efeedb3521e46b9bb1d08d184fa5"},
    {file = "sympy-1.12.tar.gz", hash = "sha256:ebf595c8dac3e0fdc4152c51878b498396ec7f30e7a914d6071e674d49420fb8"},
]

[package.dependencies]
mpmath = ">=0.19"

[[package]]
name = "tomli"
version = "2.0.1"
description = "A lil' TOML parser"
optional = false
python-versions = ">=3.7"
files = [
    {file = "tomli-2.0.1-py3-none-any.whl", hash = "sha256:939de3e7a6161af0c887ef91b7d41a53e7c5a1ca976325f429cb46ea9bc30ecc"},
    {file = "tomli-2.0.1.tar.gz", hash = "sha256:de526c12914f0c550d15924c62d72abc48d6fe7364aa87328337a31007fe8a4f"},
]

[[package]]
name = "win32-setctime"
version = "1.1.0"
description = "A small Python utility to set file creation time on Windows"
optional = false
python-versions = ">=3.5"
files = [
    {file = "win32_setctime-1.1.0-py3-none-any.whl", hash = "sha256:231db239e959c2fe7eb1d7dc129f11172354f98361c4fa2d6d2d7e278baa8aad"},
    {file = "win32_setctime-1.1.0.tar.gz", hash = "sha256:15cf5750465118d6929ae4de4eb46e8edae9a5634350c01ba582df868e932cb2"},
]

[package.extras]
dev = ["black (>=19.3b0)", "pytest (>=4.6.2)"]

[[package]]
name = "zipp"
version = "3.18.1"
description = "Backport of pathlib-compatible object wrapper for zip files"
optional = false
python-versions = ">=3.8"
files = [
    {file = "zipp-3.18.1-py3-none-any.whl", hash = "sha256:206f5a15f2af3dbaee80769fb7dc6f249695e940acca08dfb2a4769fe61e538b"},
    {file = "zipp-3.18.1.tar.gz", hash = "sha256:2884ed22e7d8961de1c9a05142eb69a247f120291bc0206a00a7642f09b5b715"},
]

[package.extras]
docs = ["furo", "jaraco.packaging (>=9.3)", "jaraco.tidelift (>=1.4)", "rst.linker (>=1.9)", "sphinx (>=3.5)", "sphinx-lint"]
testing = ["big-O", "jaraco.functools", "jaraco.itertools", "more-itertools", "pytest (>=6)", "pytest-checkdocs (>=2.4)", "pytest-cov", "pytest-enabler (>=2.2)", "pytest-ignore-flaky", "pytest-mypy", "pytest-ruff (>=0.2.1)"]

[extras]
cpu = ["onnxruntime"]
gpu = ["onnxruntime-gpu"]

[metadata]
lock-version = "2.0"
python-versions = ">=3.8,<4.0"
content-hash = "1c862e789321055f23d6a31d2d82693d286a453313ba04eec4303379c3a04bd6"
